// !$*UTF8*$!
{
	archiveVersion = 1;
	classes = {
	};
	objectVersion = 56;
	objects = {

/* Begin PBXBuildFile section */
		DD7A99B02C5A139700093D29 /* AppDelegate.swift in Sources */ = {isa = PBXBuildFile; fileRef = DD7A99AF2C5A139700093D29 /* AppDelegate.swift */; };
		DD7A99B22C5A139700093D29 /* SceneDelegate.swift in Sources */ = {isa = PBXBuildFile; fileRef = DD7A99B12C5A139700093D29 /* SceneDelegate.swift */; };
		DD7A99B62C5A139800093D29 /* Assets.xcassets in Resources */ = {isa = PBXBuildFile; fileRef = DD7A99B52C5A139800093D29 /* Assets.xcassets */; };
		DD7A99B92C5A139800093D29 /* Base in Resources */ = {isa = PBXBuildFile; fileRef = DD7A99B82C5A139800093D29 /* Base */; };
		DD7A99C52C5A256F00093D29 /* Movie.swift in Sources */ = {isa = PBXBuildFile; fileRef = DD7A99C42C5A256F00093D29 /* Movie.swift */; };
		DD7A99C72C5A258300093D29 /* Video.swift in Sources */ = {isa = PBXBuildFile; fileRef = DD7A99C62C5A258300093D29 /* Video.swift */; };
		DD7A99C92C5B22DD00093D29 /* PosterCell.swift in Sources */ = {isa = PBXBuildFile; fileRef = DD7A99C82C5B22DD00093D29 /* PosterCell.swift */; };
		DD7A99CB2C5B419900093D29 /* SectionHeaderView.swift in Sources */ = {isa = PBXBuildFile; fileRef = DD7A99CA2C5B419900093D29 /* SectionHeaderView.swift */; };
		DD7A99CD2C5BB0B900093D29 /* MainViewController.swift in Sources */ = {isa = PBXBuildFile; fileRef = DD7A99CC2C5BB0B900093D29 /* MainViewController.swift */; };
		DD7A99D02C5BB2E100093D29 /* SnapKit in Frameworks */ = {isa = PBXBuildFile; productRef = DD7A99CF2C5BB2E100093D29 /* SnapKit */; };
		DD7A99D22C5BDA6E00093D29 /* MainViewModel.swift in Sources */ = {isa = PBXBuildFile; fileRef = DD7A99D12C5BDA6E00093D29 /* MainViewModel.swift */; };
		DD7A99D42C5BDA7E00093D29 /* NetworkManager.swift in Sources */ = {isa = PBXBuildFile; fileRef = DD7A99D32C5BDA7E00093D29 /* NetworkManager.swift */; };
		DD7A99D82C5BDE1B00093D29 /* RxSwift in Frameworks */ = {isa = PBXBuildFile; productRef = DD7A99D72C5BDE1B00093D29 /* RxSwift */; };
		DD7A99DA2C5BDE2300093D29 /* RxCocoa in Frameworks */ = {isa = PBXBuildFile; productRef = DD7A99D92C5BDE2300093D29 /* RxCocoa */; };
		DD7A99DC2C5BDE2600093D29 /* RxRelay in Frameworks */ = {isa = PBXBuildFile; productRef = DD7A99DB2C5BDE2600093D29 /* RxRelay */; };
/* End PBXBuildFile section */

/* Begin PBXFileReference section */
		DD7A99AC2C5A139700093D29 /* NetflixClone.app */ = {isa = PBXFileReference; explicitFileType = wrapper.application; includeInIndex = 0; path = NetflixClone.app; sourceTree = BUILT_PRODUCTS_DIR; };
		DD7A99AF2C5A139700093D29 /* AppDelegate.swift */ = {isa = PBXFileReference; lastKnownFileType = sourcecode.swift; path = AppDelegate.swift; sourceTree = "<group>"; };
		DD7A99B12C5A139700093D29 /* SceneDelegate.swift */ = {isa = PBXFileReference; lastKnownFileType = sourcecode.swift; path = SceneDelegate.swift; sourceTree = "<group>"; };
		DD7A99B52C5A139800093D29 /* Assets.xcassets */ = {isa = PBXFileReference; lastKnownFileType = folder.assetcatalog; path = Assets.xcassets; sourceTree = "<group>"; };
		DD7A99B82C5A139800093D29 /* Base */ = {isa = PBXFileReference; lastKnownFileType = file.storyboard; name = Base; path = Base.lproj/LaunchScreen.storyboard; sourceTree = "<group>"; };
		DD7A99BA2C5A139800093D29 /* Info.plist */ = {isa = PBXFileReference; lastKnownFileType = text.plist.xml; path = Info.plist; sourceTree = "<group>"; };
		DD7A99C42C5A256F00093D29 /* Movie.swift */ = {isa = PBXFileReference; lastKnownFileType = sourcecode.swift; path = Movie.swift; sourceTree = "<group>"; };
		DD7A99C62C5A258300093D29 /* Video.swift */ = {isa = PBXFileReference; lastKnownFileType = sourcecode.swift; path = Video.swift; sourceTree = "<group>"; };
		DD7A99C82C5B22DD00093D29 /* PosterCell.swift */ = {isa = PBXFileReference; lastKnownFileType = sourcecode.swift; path = PosterCell.swift; sourceTree = "<group>"; };
		DD7A99CA2C5B419900093D29 /* SectionHeaderView.swift */ = {isa = PBXFileReference; lastKnownFileType = sourcecode.swift; path = SectionHeaderView.swift; sourceTree = "<group>"; };
		DD7A99CC2C5BB0B900093D29 /* MainViewController.swift */ = {isa = PBXFileReference; lastKnownFileType = sourcecode.swift; path = MainViewController.swift; sourceTree = "<group>"; };
		DD7A99D12C5BDA6E00093D29 /* MainViewModel.swift */ = {isa = PBXFileReference; lastKnownFileType = sourcecode.swift; name = MainViewModel.swift; path = NetflixClone/ViewModel/MainViewModel.swift; sourceTree = SOURCE_ROOT; };
		DD7A99D32C5BDA7E00093D29 /* NetworkManager.swift */ = {isa = PBXFileReference; lastKnownFileType = sourcecode.swift; path = NetworkManager.swift; sourceTree = "<group>"; };
/* End PBXFileReference section */

/* Begin PBXFrameworksBuildPhase section */
		DD7A99A92C5A139700093D29 /* Frameworks */ = {
			isa = PBXFrameworksBuildPhase;
			buildActionMask = 2147483647;
			files = (
				DD7A99DA2C5BDE2300093D29 /* RxCocoa in Frameworks */,
				DD7A99D82C5BDE1B00093D29 /* RxSwift in Frameworks */,
				DD7A99DC2C5BDE2600093D29 /* RxRelay in Frameworks */,
				DD7A99D02C5BB2E100093D29 /* SnapKit in Frameworks */,
			);
			runOnlyForDeploymentPostprocessing = 0;
		};
/* End PBXFrameworksBuildPhase section */

/* Begin PBXGroup section */
		DD7A99A32C5A139700093D29 = {
			isa = PBXGroup;
			children = (
				DD7A99AE2C5A139700093D29 /* NetflixClone */,
				DD7A99AD2C5A139700093D29 /* Products */,
				DD7A99D62C5BDE1B00093D29 /* Frameworks */,
			);
			sourceTree = "<group>";
		};
		DD7A99AD2C5A139700093D29 /* Products */ = {
			isa = PBXGroup;
			children = (
				DD7A99AC2C5A139700093D29 /* NetflixClone.app */,
			);
			name = Products;
			sourceTree = "<group>";
		};
		DD7A99AE2C5A139700093D29 /* NetflixClone */ = {
			isa = PBXGroup;
			children = (
				DD7A99D32C5BDA7E00093D29 /* NetworkManager.swift */,
				DD7A99C32C5A254C00093D29 /* ViewModel */,
				DD7A99C22C5A253700093D29 /* App */,
				DD7A99C02C5A252200093D29 /* Model */,
				DD7A99C12C5A252900093D29 /* View */,
				DD7A99B52C5A139800093D29 /* Assets.xcassets */,
				DD7A99AF2C5A139700093D29 /* AppDelegate.swift */,
				DD7A99B12C5A139700093D29 /* SceneDelegate.swift */,
				DD7A99B72C5A139800093D29 /* LaunchScreen.storyboard */,
				DD7A99BA2C5A139800093D29 /* Info.plist */,
			);
			path = NetflixClone;
			sourceTree = "<group>";
		};
		DD7A99C02C5A252200093D29 /* Model */ = {
			isa = PBXGroup;
			children = (
				DD7A99C42C5A256F00093D29 /* Movie.swift */,
				DD7A99C62C5A258300093D29 /* Video.swift */,
			);
			path = Model;
			sourceTree = "<group>";
		};
		DD7A99C12C5A252900093D29 /* View */ = {
			isa = PBXGroup;
			children = (
				DD7A99C82C5B22DD00093D29 /* PosterCell.swift */,
				DD7A99CA2C5B419900093D29 /* SectionHeaderView.swift */,
				DD7A99CC2C5BB0B900093D29 /* MainViewController.swift */,
			);
			path = View;
			sourceTree = "<group>";
		};
		DD7A99C22C5A253700093D29 /* App */ = {
			isa = PBXGroup;
			children = (
			);
			path = App;
			sourceTree = "<group>";
		};
		DD7A99C32C5A254C00093D29 /* ViewModel */ = {
			isa = PBXGroup;
			children = (
				DD7A99D12C5BDA6E00093D29 /* MainViewModel.swift */,
			);
			path = ViewModel;
			sourceTree = "<group>";
		};
		DD7A99D62C5BDE1B00093D29 /* Frameworks */ = {
			isa = PBXGroup;
			children = (
			);
			name = Frameworks;
			sourceTree = "<group>";
		};
/* End PBXGroup section */

/* Begin PBXNativeTarget section */
		DD7A99AB2C5A139700093D29 /* NetflixClone */ = {
			isa = PBXNativeTarget;
			buildConfigurationList = DD7A99BD2C5A139800093D29 /* Build configuration list for PBXNativeTarget "NetflixClone" */;
			buildPhases = (
				DD7A99A82C5A139700093D29 /* Sources */,
				DD7A99A92C5A139700093D29 /* Frameworks */,
				DD7A99AA2C5A139700093D29 /* Resources */,
			);
			buildRules = (
			);
			dependencies = (
			);
			name = NetflixClone;
			packageProductDependencies = (
				DD7A99CF2C5BB2E100093D29 /* SnapKit */,
				DD7A99D72C5BDE1B00093D29 /* RxSwift */,
				DD7A99D92C5BDE2300093D29 /* RxCocoa */,
				DD7A99DB2C5BDE2600093D29 /* RxRelay */,
			);
			productName = NetflixClone;
			productReference = DD7A99AC2C5A139700093D29 /* NetflixClone.app */;
			productType = "com.apple.product-type.application";
		};
/* End PBXNativeTarget section */

/* Begin PBXProject section */
		DD7A99A42C5A139700093D29 /* Project object */ = {
			isa = PBXProject;
			attributes = {
				BuildIndependentTargetsInParallel = 1;
				LastSwiftUpdateCheck = 1540;
				LastUpgradeCheck = 1540;
				TargetAttributes = {
					DD7A99AB2C5A139700093D29 = {
						CreatedOnToolsVersion = 15.4;
					};
				};
			};
			buildConfigurationList = DD7A99A72C5A139700093D29 /* Build configuration list for PBXProject "NetflixClone" */;
			compatibilityVersion = "Xcode 14.0";
			developmentRegion = en;
			hasScannedForEncodings = 0;
			knownRegions = (
				en,
				Base,
			);
			mainGroup = DD7A99A32C5A139700093D29;
			packageReferences = (
				DD7A99CE2C5BB2E100093D29 /* XCRemoteSwiftPackageReference "SnapKit" */,
				DD7A99D52C5BDE1200093D29 /* XCRemoteSwiftPackageReference "RxSwift" */,
			);
			productRefGroup = DD7A99AD2C5A139700093D29 /* Products */;
			projectDirPath = "";
			projectRoot = "";
			targets = (
				DD7A99AB2C5A139700093D29 /* NetflixClone */,
			);
		};
/* End PBXProject section */

/* Begin PBXResourcesBuildPhase section */
		DD7A99AA2C5A139700093D29 /* Resources */ = {
			isa = PBXResourcesBuildPhase;
			buildActionMask = 2147483647;
			files = (
				DD7A99B62C5A139800093D29 /* Assets.xcassets in Resources */,
				DD7A99B92C5A139800093D29 /* Base in Resources */,
			);
			runOnlyForDeploymentPostprocessing = 0;
		};
/* End PBXResourcesBuildPhase section */

/* Begin PBXSourcesBuildPhase section */
		DD7A99A82C5A139700093D29 /* Sources */ = {
			isa = PBXSourcesBuildPhase;
			buildActionMask = 2147483647;
			files = (
				DD7A99D42C5BDA7E00093D29 /* NetworkManager.swift in Sources */,
				DD7A99CD2C5BB0B900093D29 /* MainViewController.swift in Sources */,
				DD7A99B02C5A139700093D29 /* AppDelegate.swift in Sources */,
				DD7A99CB2C5B419900093D29 /* SectionHeaderView.swift in Sources */,
				DD7A99C92C5B22DD00093D29 /* PosterCell.swift in Sources */,
				DD7A99C72C5A258300093D29 /* Video.swift in Sources */,
				DD7A99B22C5A139700093D29 /* SceneDelegate.swift in Sources */,
				DD7A99C52C5A256F00093D29 /* Movie.swift in Sources */,
				DD7A99D22C5BDA6E00093D29 /* MainViewModel.swift in Sources */,
			);
			runOnlyForDeploymentPostprocessing = 0;
		};
/* End PBXSourcesBuildPhase section */

/* Begin PBXVariantGroup section */
		DD7A99B72C5A139800093D29 /* LaunchScreen.storyboard */ = {
			isa = PBXVariantGroup;
			children = (
				DD7A99B82C5A139800093D29 /* Base */,
			);
			name = LaunchScreen.storyboard;
			sourceTree = "<group>";
		};
/* End PBXVariantGroup section */

/* Begin XCBuildConfiguration section */
		DD7A99BB2C5A139800093D29 /* Debug */ = {
			isa = XCBuildConfiguration;
			buildSettings = {
				ALWAYS_SEARCH_USER_PATHS = NO;
				ASSETCATALOG_COMPILER_GENERATE_SWIFT_ASSET_SYMBOL_EXTENSIONS = YES;
				CLANG_ANALYZER_NONNULL = YES;
				CLANG_ANALYZER_NUMBER_OBJECT_CONVERSION = YES_AGGRESSIVE;
				CLANG_CXX_LANGUAGE_STANDARD = "gnu++20";
				CLANG_ENABLE_MODULES = YES;
				CLANG_ENABLE_OBJC_ARC = YES;
				CLANG_ENABLE_OBJC_WEAK = YES;
				CLANG_WARN_BLOCK_CAPTURE_AUTORELEASING = YES;
				CLANG_WARN_BOOL_CONVERSION = YES;
				CLANG_WARN_COMMA = YES;
				CLANG_WARN_CONSTANT_CONVERSION = YES;
				CLANG_WARN_DEPRECATED_OBJC_IMPLEMENTATIONS = YES;
				CLANG_WARN_DIRECT_OBJC_ISA_USAGE = YES_ERROR;
				CLANG_WARN_DOCUMENTATION_COMMENTS = YES;
				CLANG_WARN_EMPTY_BODY = YES;
				CLANG_WARN_ENUM_CONVERSION = YES;
				CLANG_WARN_INFINITE_RECURSION = YES;
				CLANG_WARN_INT_CONVERSION = YES;
				CLANG_WARN_NON_LITERAL_NULL_CONVERSION = YES;
				CLANG_WARN_OBJC_IMPLICIT_RETAIN_SELF = YES;
				CLANG_WARN_OBJC_LITERAL_CONVERSION = YES;
				CLANG_WARN_OBJC_ROOT_CLASS = YES_ERROR;
				CLANG_WARN_QUOTED_INCLUDE_IN_FRAMEWORK_HEADER = YES;
				CLANG_WARN_RANGE_LOOP_ANALYSIS = YES;
				CLANG_WARN_STRICT_PROTOTYPES = YES;
				CLANG_WARN_SUSPICIOUS_MOVE = YES;
				CLANG_WARN_UNGUARDED_AVAILABILITY = YES_AGGRESSIVE;
				CLANG_WARN_UNREACHABLE_CODE = YES;
				CLANG_WARN__DUPLICATE_METHOD_MATCH = YES;
				COPY_PHASE_STRIP = NO;
				DEBUG_INFORMATION_FORMAT = dwarf;
				ENABLE_STRICT_OBJC_MSGSEND = YES;
				ENABLE_TESTABILITY = YES;
				ENABLE_USER_SCRIPT_SANDBOXING = YES;
				GCC_C_LANGUAGE_STANDARD = gnu17;
				GCC_DYNAMIC_NO_PIC = NO;
				GCC_NO_COMMON_BLOCKS = YES;
				GCC_OPTIMIZATION_LEVEL = 0;
				GCC_PREPROCESSOR_DEFINITIONS = (
					"DEBUG=1",
					"$(inherited)",
				);
				GCC_WARN_64_TO_32_BIT_CONVERSION = YES;
				GCC_WARN_ABOUT_RETURN_TYPE = YES_ERROR;
				GCC_WARN_UNDECLARED_SELECTOR = YES;
				GCC_WARN_UNINITIALIZED_AUTOS = YES_AGGRESSIVE;
				GCC_WARN_UNUSED_FUNCTION = YES;
				GCC_WARN_UNUSED_VARIABLE = YES;
				IPHONEOS_DEPLOYMENT_TARGET = 17.5;
				LOCALIZATION_PREFERS_STRING_CATALOGS = YES;
				MTL_ENABLE_DEBUG_INFO = INCLUDE_SOURCE;
				MTL_FAST_MATH = YES;
				ONLY_ACTIVE_ARCH = YES;
				SDKROOT = iphoneos;
				SWIFT_ACTIVE_COMPILATION_CONDITIONS = "DEBUG $(inherited)";
				SWIFT_OPTIMIZATION_LEVEL = "-Onone";
			};
			name = Debug;
		};
		DD7A99BC2C5A139800093D29 /* Release */ = {
			isa = XCBuildConfiguration;
			buildSettings = {
				ALWAYS_SEARCH_USER_PATHS = NO;
				ASSETCATALOG_COMPILER_GENERATE_SWIFT_ASSET_SYMBOL_EXTENSIONS = YES;
				CLANG_ANALYZER_NONNULL = YES;
				CLANG_ANALYZER_NUMBER_OBJECT_CONVERSION = YES_AGGRESSIVE;
				CLANG_CXX_LANGUAGE_STANDARD = "gnu++20";
				CLANG_ENABLE_MODULES = YES;
				CLANG_ENABLE_OBJC_ARC = YES;
				CLANG_ENABLE_OBJC_WEAK = YES;
				CLANG_WARN_BLOCK_CAPTURE_AUTORELEASING = YES;
				CLANG_WARN_BOOL_CONVERSION = YES;
				CLANG_WARN_COMMA = YES;
				CLANG_WARN_CONSTANT_CONVERSION = YES;
				CLANG_WARN_DEPRECATED_OBJC_IMPLEMENTATIONS = YES;
				CLANG_WARN_DIRECT_OBJC_ISA_USAGE = YES_ERROR;
				CLANG_WARN_DOCUMENTATION_COMMENTS = YES;
				CLANG_WARN_EMPTY_BODY = YES;
				CLANG_WARN_ENUM_CONVERSION = YES;
				CLANG_WARN_INFINITE_RECURSION = YES;
				CLANG_WARN_INT_CONVERSION = YES;
				CLANG_WARN_NON_LITERAL_NULL_CONVERSION = YES;
				CLANG_WARN_OBJC_IMPLICIT_RETAIN_SELF = YES;
				CLANG_WARN_OBJC_LITERAL_CONVERSION = YES;
				CLANG_WARN_OBJC_ROOT_CLASS = YES_ERROR;
				CLANG_WARN_QUOTED_INCLUDE_IN_FRAMEWORK_HEADER = YES;
				CLANG_WARN_RANGE_LOOP_ANALYSIS = YES;
				CLANG_WARN_STRICT_PROTOTYPES = YES;
				CLANG_WARN_SUSPICIOUS_MOVE = YES;
				CLANG_WARN_UNGUARDED_AVAILABILITY = YES_AGGRESSIVE;
				CLANG_WARN_UNREACHABLE_CODE = YES;
				CLANG_WARN__DUPLICATE_METHOD_MATCH = YES;
				COPY_PHASE_STRIP = NO;
				DEBUG_INFORMATION_FORMAT = "dwarf-with-dsym";
				ENABLE_NS_ASSERTIONS = NO;
				ENABLE_STRICT_OBJC_MSGSEND = YES;
				ENABLE_USER_SCRIPT_SANDBOXING = YES;
				GCC_C_LANGUAGE_STANDARD = gnu17;
				GCC_NO_COMMON_BLOCKS = YES;
				GCC_WARN_64_TO_32_BIT_CONVERSION = YES;
				GCC_WARN_ABOUT_RETURN_TYPE = YES_ERROR;
				GCC_WARN_UNDECLARED_SELECTOR = YES;
				GCC_WARN_UNINITIALIZED_AUTOS = YES_AGGRESSIVE;
				GCC_WARN_UNUSED_FUNCTION = YES;
				GCC_WARN_UNUSED_VARIABLE = YES;
				IPHONEOS_DEPLOYMENT_TARGET = 17.5;
				LOCALIZATION_PREFERS_STRING_CATALOGS = YES;
				MTL_ENABLE_DEBUG_INFO = NO;
				MTL_FAST_MATH = YES;
				SDKROOT = iphoneos;
				SWIFT_COMPILATION_MODE = wholemodule;
				VALIDATE_PRODUCT = YES;
			};
			name = Release;
		};
		DD7A99BE2C5A139800093D29 /* Debug */ = {
			isa = XCBuildConfiguration;
			buildSettings = {
				ASSETCATALOG_COMPILER_APPICON_NAME = AppIcon;
				ASSETCATALOG_COMPILER_GLOBAL_ACCENT_COLOR_NAME = AccentColor;
				CODE_SIGN_STYLE = Automatic;
				CURRENT_PROJECT_VERSION = 1;
				DEVELOPMENT_TEAM = B6QMD2854G;
				GENERATE_INFOPLIST_FILE = YES;
				INFOPLIST_FILE = NetflixClone/Info.plist;
				INFOPLIST_KEY_UIApplicationSupportsIndirectInputEvents = YES;
				INFOPLIST_KEY_UILaunchStoryboardName = LaunchScreen;
				INFOPLIST_KEY_UISupportedInterfaceOrientations_iPad = "UIInterfaceOrientationPortrait UIInterfaceOrientationPortraitUpsideDown UIInterfaceOrientationLandscapeLeft UIInterfaceOrientationLandscapeRight";
				INFOPLIST_KEY_UISupportedInterfaceOrientations_iPhone = "UIInterfaceOrientationPortrait UIInterfaceOrientationLandscapeLeft UIInterfaceOrientationLandscapeRight";
				LD_RUNPATH_SEARCH_PATHS = (
					"$(inherited)",
					"@executable_path/Frameworks",
				);
				MARKETING_VERSION = 1.0;
				PRODUCT_BUNDLE_IDENTIFIER = com.NetflixClone;
				PRODUCT_NAME = "$(TARGET_NAME)";
				SWIFT_EMIT_LOC_STRINGS = YES;
				SWIFT_VERSION = 5.0;
				TARGETED_DEVICE_FAMILY = "1,2";
			};
			name = Debug;
		};
		DD7A99BF2C5A139800093D29 /* Release */ = {
			isa = XCBuildConfiguration;
			buildSettings = {
				ASSETCATALOG_COMPILER_APPICON_NAME = AppIcon;
				ASSETCATALOG_COMPILER_GLOBAL_ACCENT_COLOR_NAME = AccentColor;
				CODE_SIGN_STYLE = Automatic;
				CURRENT_PROJECT_VERSION = 1;
				DEVELOPMENT_TEAM = B6QMD2854G;
				GENERATE_INFOPLIST_FILE = YES;
				INFOPLIST_FILE = NetflixClone/Info.plist;
				INFOPLIST_KEY_UIApplicationSupportsIndirectInputEvents = YES;
				INFOPLIST_KEY_UILaunchStoryboardName = LaunchScreen;
				INFOPLIST_KEY_UISupportedInterfaceOrientations_iPad = "UIInterfaceOrientationPortrait UIInterfaceOrientationPortraitUpsideDown UIInterfaceOrientationLandscapeLeft UIInterfaceOrientationLandscapeRight";
				INFOPLIST_KEY_UISupportedInterfaceOrientations_iPhone = "UIInterfaceOrientationPortrait UIInterfaceOrientationLandscapeLeft UIInterfaceOrientationLandscapeRight";
				LD_RUNPATH_SEARCH_PATHS = (
					"$(inherited)",
					"@executable_path/Frameworks",
				);
				MARKETING_VERSION = 1.0;
				PRODUCT_BUNDLE_IDENTIFIER = com.NetflixClone;
				PRODUCT_NAME = "$(TARGET_NAME)";
				SWIFT_EMIT_LOC_STRINGS = YES;
				SWIFT_VERSION = 5.0;
				TARGETED_DEVICE_FAMILY = "1,2";
			};
			name = Release;
		};
/* End XCBuildConfiguration section */

/* Begin XCConfigurationList section */
		DD7A99A72C5A139700093D29 /* Build configuration list for PBXProject "NetflixClone" */ = {
			isa = XCConfigurationList;
			buildConfigurations = (
				DD7A99BB2C5A139800093D29 /* Debug */,
				DD7A99BC2C5A139800093D29 /* Release */,
			);
			defaultConfigurationIsVisible = 0;
			defaultConfigurationName = Release;
		};
		DD7A99BD2C5A139800093D29 /* Build configuration list for PBXNativeTarget "NetflixClone" */ = {
			isa = XCConfigurationList;
			buildConfigurations = (
				DD7A99BE2C5A139800093D29 /* Debug */,
				DD7A99BF2C5A139800093D29 /* Release */,
			);
			defaultConfigurationIsVisible = 0;
			defaultConfigurationName = Release;
		};
/* End XCConfigurationList section */

/* Begin XCRemoteSwiftPackageReference section */
		DD7A99CE2C5BB2E100093D29 /* XCRemoteSwiftPackageReference "SnapKit" */ = {
			isa = XCRemoteSwiftPackageReference;
			repositoryURL = "https://github.com/SnapKit/SnapKit.git";
			requirement = {
				kind = upToNextMajorVersion;
				minimumVersion = 5.7.1;
			};
		};
		DD7A99D52C5BDE1200093D29 /* XCRemoteSwiftPackageReference "RxSwift" */ = {
			isa = XCRemoteSwiftPackageReference;
			repositoryURL = "https://github.com/ReactiveX/RxSwift";
			requirement = {
				kind = upToNextMajorVersion;
				minimumVersion = 6.7.1;
			};
		};
/* End XCRemoteSwiftPackageReference section */

/* Begin XCSwiftPackageProductDependency section */
		DD7A99CF2C5BB2E100093D29 /* SnapKit */ = {
			isa = XCSwiftPackageProductDependency;
			package = DD7A99CE2C5BB2E100093D29 /* XCRemoteSwiftPackageReference "SnapKit" */;
			productName = SnapKit;
		};
		DD7A99D72C5BDE1B00093D29 /* RxSwift */ = {
			isa = XCSwiftPackageProductDependency;
			package = DD7A99D52C5BDE1200093D29 /* XCRemoteSwiftPackageReference "RxSwift" */;
			productName = RxSwift;
		};
		DD7A99D92C5BDE2300093D29 /* RxCocoa */ = {
			isa = XCSwiftPackageProductDependency;
			package = DD7A99D52C5BDE1200093D29 /* XCRemoteSwiftPackageReference "RxSwift" */;
			productName = RxCocoa;
		};
		DD7A99DB2C5BDE2600093D29 /* RxRelay */ = {
			isa = XCSwiftPackageProductDependency;
			package = DD7A99D52C5BDE1200093D29 /* XCRemoteSwiftPackageReference "RxSwift" */;
			productName = RxRelay;
		};
/* End XCSwiftPackageProductDependency section */
	};
	rootObject = DD7A99A42C5A139700093D29 /* Project object */;
}
